
Microsoft Visual Studio Solution File, Format Version 12.00
# Visual Studio Version 16
VisualStudioVersion = 16.0.31424.327
MinimumVisualStudioVersion = 10.0.40219.1
Project("{FAE04EC0-301F-11D3-BF4B-00C04F79EFBC}") = "WebApp", "WebApp.csproj", "{6D4BB34B-7208-4897-AE4D-6ADF6D40A79A}"
EndProject
Global
	GlobalSection(SolutionConfigurationPlatforms) = preSolution
		Debug|Any CPU = Debug|Any CPU
		Release|Any CPU = Release|Any CPU
	EndGlobalSection
	GlobalSection(ProjectConfigurationPlatforms) = postSolution
		{6D4BB34B-7208-4897-AE4D-6ADF6D40A79A}.Debug|Any CPU.ActiveCfg = Debug|Any CPU
		{6D4BB34B-7208-4897-AE4D-6ADF6D40A79A}.Debug|Any CPU.Build.0 = Debug|Any CPU
		{6D4BB34B-7208-4897-AE4D-6ADF6D40A79A}.Release|Any CPU.ActiveCfg = Release|Any CPU
		{6D4BB34B-7208-4897-AE4D-6ADF6D40A79A}.Release|Any CPU.Build.0 = Release|Any CPU
	EndGlobalSection
	GlobalSection(SolutionProperties) = preSolution
		HideSolutionNode = FALSE
	EndGlobalSection
	GlobalSection(ExtensibilityGlobals) = postSolution
		SolutionGuid = {6882B7E4-8D0A-4725-B021-500A3BD7DC01}
	EndGlobalSection
EndGlobal
